{
  "name": "xkcd",
  "version": "1.1.0",
  "lockfileVersion": 1,
  "requires": true,
  "dependencies": {
    "now": {
      "version": "9.3.3",
      "resolved": "https://registry.npmjs.org/now/-/now-9.3.3.tgz",
      "integrity": "sha512-cUsZhJIRo2N62/IKwKai/JeKU4STglms+hmIeCHvZWEko3c4vN/MC3DS/PlqghMZtDG/3CfNOfj4ealaMCwN8Q==",
      "dev": true
    }
  }
}
